<Solution>
  <Folder Name="/tests/">
    <Project Path="tests/Fintrack.Api.Tests/Fintrack.Api.Tests.csproj" />
    <Project Path="tests/Fintrack.Application.Tests/Fintrack.Application.Tests.csproj" />
  </Folder>
  <Project Path="Fintrack.Api/Fintrack.Api.csproj" />
  <Project Path="Fintrack.Application/Fintrack.Application.csproj" />
  <Project Path="Fintrack.Domain/Fintrack.Domain.csproj" />
  <Project Path="Fintrack.Infrastructure/Fintrack.Infrastructure.csproj" />
</Solution>
